
Microsoft Visual Studio Solution File, Format Version 12.00
# Visual Studio Version 17
VisualStudioVersion = 17.4.33213.308
MinimumVisualStudioVersion = 10.0.40219.1
Project("{9A19103F-16F7-4668-BE54-9A1E7A4F7556}") = "AmazonFarmer.Core.Domain", "AmazonFarmer.Core.Domain\AmazonFarmer.Core.Domain.csproj", "{E7EFF008-3764-42B8-8574-36DBEA2C666A}"
EndProject
Project("{9A19103F-16F7-4668-BE54-9A1E7A4F7556}") = "AmazonFarmer.Infrastructure.Persistence", "AmazonFarmer.Infrastructure.Persistence\AmazonFarmer.Infrastructure.Persistence.csproj", "{A24621AD-F98B-4BFE-AEE2-14E1E9020DAE}"
EndProject
Project("{9A19103F-16F7-4668-BE54-9A1E7A4F7556}") = "AmazonFarmerAPI", "AmazonFarmerAPI\AmazonFarmerAPI.csproj", "{773E8E4C-D8F3-44AB-A19E-496034B20F76}"
EndProject
Project("{9A19103F-16F7-4668-BE54-9A1E7A4F7556}") = "AmazonFarmer.NotificationServices", "AmazonFarmar.NotificationServices\AmazonFarmer.NotificationServices.csproj", "{7B7207E0-2967-43AF-A1F2-C22BACAAFB6A}"
EndProject
Project("{9A19103F-16F7-4668-BE54-9A1E7A4F7556}") = "AmazonFarmer.Administrator.API", "AmazonFarmer.Administrator.API\AmazonFarmer.Administrator.API.csproj", "{B786B9CA-91C0-42F8-AA69-CF1BA2151157}"
EndProject
Project("{9A19103F-16F7-4668-BE54-9A1E7A4F7556}") = "AmazonFarmer.Core.Application", "AmazonFarmer.Core.Application\AmazonFarmer.Core.Application.csproj", "{78B85F0C-D279-4389-8878-A7A156539CB1}"
EndProject
Project("{9A19103F-16F7-4668-BE54-9A1E7A4F7556}") = "AmazonFarmer.Infrastructure.Services", "AmazonFarmer.Infrastructure.Services\AmazonFarmer.Infrastructure.Services.csproj", "{9D602405-AEB9-4D63-860B-8D3E666B1096}"
EndProject
Project("{9A19103F-16F7-4668-BE54-9A1E7A4F7556}") = "AmazonFarmer.OnelinkIntegration", "AmazonFarmer.OnelinkIntegration\AmazonFarmer.OnelinkIntegration.csproj", "{BB8BCC54-777E-4EF6-8037-2F313EE71B0C}"
EndProject
Project("{9A19103F-16F7-4668-BE54-9A1E7A4F7556}") = "AmazonFarmer.WSDL", "AmazonFarmer.WSDL\AmazonFarmer.WSDL.csproj", "{E56A93D5-7661-4C17-8938-E0D1213850C9}"
EndProject
Project("{9A19103F-16F7-4668-BE54-9A1E7A4F7556}") = "AmazonFarmer.Scheduled.Payment", "AmazonFarmer.Scheduled.Payment\AmazonFarmer.Scheduled.Payment.csproj", "{27139828-27A4-468F-8374-71A5CC6D0348}"
EndProject
Project("{FAE04EC0-301F-11D3-BF4B-00C04F79EFBC}") = "AmazonFarmer.Common.Services", "AmazonFarmer.Common.Services\AmazonFarmer.Common.Services.csproj", "{5B094022-3DE3-4587-BEE3-F0E749B3FBAB}"
EndProject
Global
	GlobalSection(SolutionConfigurationPlatforms) = preSolution
		Debug|Any CPU = Debug|Any CPU
		Release|Any CPU = Release|Any CPU
	EndGlobalSection
	GlobalSection(ProjectConfigurationPlatforms) = postSolution
		{E7EFF008-3764-42B8-8574-36DBEA2C666A}.Debug|Any CPU.ActiveCfg = Debug|Any CPU
		{E7EFF008-3764-42B8-8574-36DBEA2C666A}.Debug|Any CPU.Build.0 = Debug|Any CPU
		{E7EFF008-3764-42B8-8574-36DBEA2C666A}.Release|Any CPU.ActiveCfg = Release|Any CPU
		{E7EFF008-3764-42B8-8574-36DBEA2C666A}.Release|Any CPU.Build.0 = Release|Any CPU
		{A24621AD-F98B-4BFE-AEE2-14E1E9020DAE}.Debug|Any CPU.ActiveCfg = Debug|Any CPU
		{A24621AD-F98B-4BFE-AEE2-14E1E9020DAE}.Debug|Any CPU.Build.0 = Debug|Any CPU
		{A24621AD-F98B-4BFE-AEE2-14E1E9020DAE}.Release|Any CPU.ActiveCfg = Release|Any CPU
		{A24621AD-F98B-4BFE-AEE2-14E1E9020DAE}.Release|Any CPU.Build.0 = Release|Any CPU
		{773E8E4C-D8F3-44AB-A19E-496034B20F76}.Debug|Any CPU.ActiveCfg = Debug|Any CPU
		{773E8E4C-D8F3-44AB-A19E-496034B20F76}.Debug|Any CPU.Build.0 = Debug|Any CPU
		{773E8E4C-D8F3-44AB-A19E-496034B20F76}.Release|Any CPU.ActiveCfg = Release|Any CPU
		{773E8E4C-D8F3-44AB-A19E-496034B20F76}.Release|Any CPU.Build.0 = Release|Any CPU
		{7B7207E0-2967-43AF-A1F2-C22BACAAFB6A}.Debug|Any CPU.ActiveCfg = Debug|Any CPU
		{7B7207E0-2967-43AF-A1F2-C22BACAAFB6A}.Debug|Any CPU.Build.0 = Debug|Any CPU
		{7B7207E0-2967-43AF-A1F2-C22BACAAFB6A}.Release|Any CPU.ActiveCfg = Release|Any CPU
		{7B7207E0-2967-43AF-A1F2-C22BACAAFB6A}.Release|Any CPU.Build.0 = Release|Any CPU
		{B786B9CA-91C0-42F8-AA69-CF1BA2151157}.Debug|Any CPU.ActiveCfg = Debug|Any CPU
		{B786B9CA-91C0-42F8-AA69-CF1BA2151157}.Debug|Any CPU.Build.0 = Debug|Any CPU
		{B786B9CA-91C0-42F8-AA69-CF1BA2151157}.Release|Any CPU.ActiveCfg = Release|Any CPU
		{B786B9CA-91C0-42F8-AA69-CF1BA2151157}.Release|Any CPU.Build.0 = Release|Any CPU
		{78B85F0C-D279-4389-8878-A7A156539CB1}.Debug|Any CPU.ActiveCfg = Debug|Any CPU
		{78B85F0C-D279-4389-8878-A7A156539CB1}.Debug|Any CPU.Build.0 = Debug|Any CPU
		{78B85F0C-D279-4389-8878-A7A156539CB1}.Release|Any CPU.ActiveCfg = Release|Any CPU
		{78B85F0C-D279-4389-8878-A7A156539CB1}.Release|Any CPU.Build.0 = Release|Any CPU
		{9D602405-AEB9-4D63-860B-8D3E666B1096}.Debug|Any CPU.ActiveCfg = Debug|Any CPU
		{9D602405-AEB9-4D63-860B-8D3E666B1096}.Debug|Any CPU.Build.0 = Debug|Any CPU
		{9D602405-AEB9-4D63-860B-8D3E666B1096}.Release|Any CPU.ActiveCfg = Release|Any CPU
		{9D602405-AEB9-4D63-860B-8D3E666B1096}.Release|Any CPU.Build.0 = Release|Any CPU
		{BB8BCC54-777E-4EF6-8037-2F313EE71B0C}.Debug|Any CPU.ActiveCfg = Debug|Any CPU
		{BB8BCC54-777E-4EF6-8037-2F313EE71B0C}.Debug|Any CPU.Build.0 = Debug|Any CPU
		{BB8BCC54-777E-4EF6-8037-2F313EE71B0C}.Release|Any CPU.ActiveCfg = Release|Any CPU
		{BB8BCC54-777E-4EF6-8037-2F313EE71B0C}.Release|Any CPU.Build.0 = Release|Any CPU
		{E56A93D5-7661-4C17-8938-E0D1213850C9}.Debug|Any CPU.ActiveCfg = Debug|Any CPU
		{E56A93D5-7661-4C17-8938-E0D1213850C9}.Debug|Any CPU.Build.0 = Debug|Any CPU
		{E56A93D5-7661-4C17-8938-E0D1213850C9}.Release|Any CPU.ActiveCfg = Release|Any CPU
		{E56A93D5-7661-4C17-8938-E0D1213850C9}.Release|Any CPU.Build.0 = Release|Any CPU
		{27139828-27A4-468F-8374-71A5CC6D0348}.Debug|Any CPU.ActiveCfg = Debug|Any CPU
		{27139828-27A4-468F-8374-71A5CC6D0348}.Debug|Any CPU.Build.0 = Debug|Any CPU
		{27139828-27A4-468F-8374-71A5CC6D0348}.Release|Any CPU.ActiveCfg = Release|Any CPU
		{27139828-27A4-468F-8374-71A5CC6D0348}.Release|Any CPU.Build.0 = Release|Any CPU
		{5B094022-3DE3-4587-BEE3-F0E749B3FBAB}.Debug|Any CPU.ActiveCfg = Debug|Any CPU
		{5B094022-3DE3-4587-BEE3-F0E749B3FBAB}.Debug|Any CPU.Build.0 = Debug|Any CPU
		{5B094022-3DE3-4587-BEE3-F0E749B3FBAB}.Release|Any CPU.ActiveCfg = Release|Any CPU
		{5B094022-3DE3-4587-BEE3-F0E749B3FBAB}.Release|Any CPU.Build.0 = Release|Any CPU
	EndGlobalSection
	GlobalSection(SolutionProperties) = preSolution
		HideSolutionNode = FALSE
	EndGlobalSection
	GlobalSection(ExtensibilityGlobals) = postSolution
		SolutionGuid = {E84636AB-552F-407B-8D13-9FBE88B63739}
	EndGlobalSection
EndGlobal
